# THIS IS AN AUTOGENERATED FILE. DO NOT EDIT THIS FILE DIRECTLY.
# yarn lockfile v1


material-icons@^1.13.14:
  version "1.13.14"
  resolved "https://registry.yarnpkg.com/material-icons/-/material-icons-1.13.14.tgz#65ae8693550b9f789036bd4cf29e775f1bd389ed"
  integrity sha512-kZOfc7xCC0rAT8Q3DQixYAeT+tBqZnxkseQtp2bxBxz7q5pMAC+wmit7vJn1g/l7wRU+HEPq23gER4iPjGs5Cg==
